// !$*UTF8*$!
{
	archiveVersion = 1;
	classes = {
	};
	objectVersion = 56;
	objects = {

/* Begin PBXBuildFile section */
		E984D1CC2C8DE81000825C61 /* AppDelegate.swift in Sources */ = {isa = PBXBuildFile; fileRef = E984D1CB2C8DE81000825C61 /* AppDelegate.swift */; };
		E984D1CE2C8DE81000825C61 /* SceneDelegate.swift in Sources */ = {isa = PBXBuildFile; fileRef = E984D1CD2C8DE81000825C61 /* SceneDelegate.swift */; };
		E984D1D02C8DE81000825C61 /* ViewController.swift in Sources */ = {isa = PBXBuildFile; fileRef = E984D1CF2C8DE81000825C61 /* ViewController.swift */; };
		E984D1D32C8DE81000825C61 /* Base in Resources */ = {isa = PBXBuildFile; fileRef = E984D1D22C8DE81000825C61 /* Base */; };
		E984D1D52C8DE81100825C61 /* Assets.xcassets in Resources */ = {isa = PBXBuildFile; fileRef = E984D1D42C8DE81100825C61 /* Assets.xcassets */; };
		E984D1D82C8DE81100825C61 /* Base in Resources */ = {isa = PBXBuildFile; fileRef = E984D1D72C8DE81100825C61 /* Base */; };
		E984D1E32C8DE81100825C61 /* SirmaTaskTests.swift in Sources */ = {isa = PBXBuildFile; fileRef = E984D1E22C8DE81100825C61 /* SirmaTaskTests.swift */; };
		E984D1ED2C8DE81100825C61 /* SirmaTaskUITests.swift in Sources */ = {isa = PBXBuildFile; fileRef = E984D1EC2C8DE81100825C61 /* SirmaTaskUITests.swift */; };
		E984D1EF2C8DE81100825C61 /* SirmaTaskUITestsLaunchTests.swift in Sources */ = {isa = PBXBuildFile; fileRef = E984D1EE2C8DE81100825C61 /* SirmaTaskUITestsLaunchTests.swift */; };
/* End PBXBuildFile section */

/* Begin PBXContainerItemProxy section */
		E984D1DF2C8DE81100825C61 /* PBXContainerItemProxy */ = {
			isa = PBXContainerItemProxy;
			containerPortal = E984D1C02C8DE81000825C61 /* Project object */;
			proxyType = 1;
			remoteGlobalIDString = E984D1C72C8DE81000825C61;
			remoteInfo = SirmaTask;
		};
		E984D1E92C8DE81100825C61 /* PBXContainerItemProxy */ = {
			isa = PBXContainerItemProxy;
			containerPortal = E984D1C02C8DE81000825C61 /* Project object */;
			proxyType = 1;
			remoteGlobalIDString = E984D1C72C8DE81000825C61;
			remoteInfo = SirmaTask;
		};
/* End PBXContainerItemProxy section */

/* Begin PBXFileReference section */
		E984D1C82C8DE81000825C61 /* SirmaTask.app */ = {isa = PBXFileReference; explicitFileType = wrapper.application; includeInIndex = 0; path = SirmaTask.app; sourceTree = BUILT_PRODUCTS_DIR; };
		E984D1CB2C8DE81000825C61 /* AppDelegate.swift */ = {isa = PBXFileReference; lastKnownFileType = sourcecode.swift; path = AppDelegate.swift; sourceTree = "<group>"; };
		E984D1CD2C8DE81000825C61 /* SceneDelegate.swift */ = {isa = PBXFileReference; lastKnownFileType = sourcecode.swift; path = SceneDelegate.swift; sourceTree = "<group>"; };
		E984D1CF2C8DE81000825C61 /* ViewController.swift */ = {isa = PBXFileReference; lastKnownFileType = sourcecode.swift; path = ViewController.swift; sourceTree = "<group>"; };
		E984D1D22C8DE81000825C61 /* Base */ = {isa = PBXFileReference; lastKnownFileType = file.storyboard; name = Base; path = Base.lproj/Main.storyboard; sourceTree = "<group>"; };
		E984D1D42C8DE81100825C61 /* Assets.xcassets */ = {isa = PBXFileReference; lastKnownFileType = folder.assetcatalog; path = Assets.xcassets; sourceTree = "<group>"; };
		E984D1D72C8DE81100825C61 /* Base */ = {isa = PBXFileReference; lastKnownFileType = file.storyboard; name = Base; path = Base.lproj/LaunchScreen.storyboard; sourceTree = "<group>"; };
		E984D1D92C8DE81100825C61 /* Info.plist */ = {isa = PBXFileReference; lastKnownFileType = text.plist.xml; path = Info.plist; sourceTree = "<group>"; };
		E984D1DE2C8DE81100825C61 /* SirmaTaskTests.xctest */ = {isa = PBXFileReference; explicitFileType = wrapper.cfbundle; includeInIndex = 0; path = SirmaTaskTests.xctest; sourceTree = BUILT_PRODUCTS_DIR; };
		E984D1E22C8DE81100825C61 /* SirmaTaskTests.swift */ = {isa = PBXFileReference; lastKnownFileType = sourcecode.swift; path = SirmaTaskTests.swift; sourceTree = "<group>"; };
		E984D1E82C8DE81100825C61 /* SirmaTaskUITests.xctest */ = {isa = PBXFileReference; explicitFileType = wrapper.cfbundle; includeInIndex = 0; path = SirmaTaskUITests.xctest; sourceTree = BUILT_PRODUCTS_DIR; };
		E984D1EC2C8DE81100825C61 /* SirmaTaskUITests.swift */ = {isa = PBXFileReference; lastKnownFileType = sourcecode.swift; path = SirmaTaskUITests.swift; sourceTree = "<group>"; };
		E984D1EE2C8DE81100825C61 /* SirmaTaskUITestsLaunchTests.swift */ = {isa = PBXFileReference; lastKnownFileType = sourcecode.swift; path = SirmaTaskUITestsLaunchTests.swift; sourceTree = "<group>"; };
/* End PBXFileReference section */

/* Begin PBXFrameworksBuildPhase section */
		E984D1C52C8DE81000825C61 /* Frameworks */ = {
			isa = PBXFrameworksBuildPhase;
			buildActionMask = 2147483647;
			files = (
			);
			runOnlyForDeploymentPostprocessing = 0;
		};
		E984D1DB2C8DE81100825C61 /* Frameworks */ = {
			isa = PBXFrameworksBuildPhase;
			buildActionMask = 2147483647;
			files = (
			);
			runOnlyForDeploymentPostprocessing = 0;
		};
		E984D1E52C8DE81100825C61 /* Frameworks */ = {
			isa = PBXFrameworksBuildPhase;
			buildActionMask = 2147483647;
			files = (
			);
			runOnlyForDeploymentPostprocessing = 0;
		};
/* End PBXFrameworksBuildPhase section */

/* Begin PBXGroup section */
		E984D1BF2C8DE81000825C61 = {
			isa = PBXGroup;
			children = (
				E984D1CA2C8DE81000825C61 /* SirmaTask */,
				E984D1E12C8DE81100825C61 /* SirmaTaskTests */,
				E984D1EB2C8DE81100825C61 /* SirmaTaskUITests */,
				E984D1C92C8DE81000825C61 /* Products */,
			);
			sourceTree = "<group>";
		};
		E984D1C92C8DE81000825C61 /* Products */ = {
			isa = PBXGroup;
			children = (
				E984D1C82C8DE81000825C61 /* SirmaTask.app */,
				E984D1DE2C8DE81100825C61 /* SirmaTaskTests.xctest */,
				E984D1E82C8DE81100825C61 /* SirmaTaskUITests.xctest */,
			);
			name = Products;
			sourceTree = "<group>";
		};
		E984D1CA2C8DE81000825C61 /* SirmaTask */ = {
			isa = PBXGroup;
			children = (
				E984D1CB2C8DE81000825C61 /* AppDelegate.swift */,
				E984D1CD2C8DE81000825C61 /* SceneDelegate.swift */,
				E984D1CF2C8DE81000825C61 /* ViewController.swift */,
				E984D1D12C8DE81000825C61 /* Main.storyboard */,
				E984D1D42C8DE81100825C61 /* Assets.xcassets */,
				E984D1D62C8DE81100825C61 /* LaunchScreen.storyboard */,
				E984D1D92C8DE81100825C61 /* Info.plist */,
			);
			path = SirmaTask;
			sourceTree = "<group>";
		};
		E984D1E12C8DE81100825C61 /* SirmaTaskTests */ = {
			isa = PBXGroup;
			children = (
				E984D1E22C8DE81100825C61 /* SirmaTaskTests.swift */,
			);
			path = SirmaTaskTests;
			sourceTree = "<group>";
		};
		E984D1EB2C8DE81100825C61 /* SirmaTaskUITests */ = {
			isa = PBXGroup;
			children = (
				E984D1EC2C8DE81100825C61 /* SirmaTaskUITests.swift */,
				E984D1EE2C8DE81100825C61 /* SirmaTaskUITestsLaunchTests.swift */,
			);
			path = SirmaTaskUITests;
			sourceTree = "<group>";
		};
/* End PBXGroup section */

/* Begin PBXNativeTarget section */
		E984D1C72C8DE81000825C61 /* SirmaTask */ = {
			isa = PBXNativeTarget;
			buildConfigurationList = E984D1F22C8DE81100825C61 /* Build configuration list for PBXNativeTarget "SirmaTask" */;
			buildPhases = (
				E984D1C42C8DE81000825C61 /* Sources */,
				E984D1C52C8DE81000825C61 /* Frameworks */,
				E984D1C62C8DE81000825C61 /* Resources */,
			);
			buildRules = (
			);
			dependencies = (
			);
			name = SirmaTask;
			productName = SirmaTask;
			productReference = E984D1C82C8DE81000825C61 /* SirmaTask.app */;
			productType = "com.apple.product-type.application";
		};
		E984D1DD2C8DE81100825C61 /* SirmaTaskTests */ = {
			isa = PBXNativeTarget;
			buildConfigurationList = E984D1F52C8DE81100825C61 /* Build configuration list for PBXNativeTarget "SirmaTaskTests" */;
			buildPhases = (
				E984D1DA2C8DE81100825C61 /* Sources */,
				E984D1DB2C8DE81100825C61 /* Frameworks */,
				E984D1DC2C8DE81100825C61 /* Resources */,
			);
			buildRules = (
			);
			dependencies = (
				E984D1E02C8DE81100825C61 /* PBXTargetDependency */,
			);
			name = SirmaTaskTests;
			productName = SirmaTaskTests;
			productReference = E984D1DE2C8DE81100825C61 /* SirmaTaskTests.xctest */;
			productType = "com.apple.product-type.bundle.unit-test";
		};
		E984D1E72C8DE81100825C61 /* SirmaTaskUITests */ = {
			isa = PBXNativeTarget;
			buildConfigurationList = E984D1F82C8DE81100825C61 /* Build configuration list for PBXNativeTarget "SirmaTaskUITests" */;
			buildPhases = (
				E984D1E42C8DE81100825C61 /* Sources */,
				E984D1E52C8DE81100825C61 /* Frameworks */,
				E984D1E62C8DE81100825C61 /* Resources */,
			);
			buildRules = (
			);
			dependencies = (
				E984D1EA2C8DE81100825C61 /* PBXTargetDependency */,
			);
			name = SirmaTaskUITests;
			productName = SirmaTaskUITests;
			productReference = E984D1E82C8DE81100825C61 /* SirmaTaskUITests.xctest */;
			productType = "com.apple.product-type.bundle.ui-testing";
		};
/* End PBXNativeTarget section */

/* Begin PBXProject section */
		E984D1C02C8DE81000825C61 /* Project object */ = {
			isa = PBXProject;
			attributes = {
				BuildIndependentTargetsInParallel = 1;
				LastSwiftUpdateCheck = 1540;
				LastUpgradeCheck = 1540;
				TargetAttributes = {
					E984D1C72C8DE81000825C61 = {
						CreatedOnToolsVersion = 15.4;
					};
					E984D1DD2C8DE81100825C61 = {
						CreatedOnToolsVersion = 15.4;
						TestTargetID = E984D1C72C8DE81000825C61;
					};
					E984D1E72C8DE81100825C61 = {
						CreatedOnToolsVersion = 15.4;
						TestTargetID = E984D1C72C8DE81000825C61;
					};
				};
			};
			buildConfigurationList = E984D1C32C8DE81000825C61 /* Build configuration list for PBXProject "SirmaTask" */;
			compatibilityVersion = "Xcode 14.0";
			developmentRegion = en;
			hasScannedForEncodings = 0;
			knownRegions = (
				en,
				Base,
			);
			mainGroup = E984D1BF2C8DE81000825C61;
			productRefGroup = E984D1C92C8DE81000825C61 /* Products */;
			projectDirPath = "";
			projectRoot = "";
			targets = (
				E984D1C72C8DE81000825C61 /* SirmaTask */,
				E984D1DD2C8DE81100825C61 /* SirmaTaskTests */,
				E984D1E72C8DE81100825C61 /* SirmaTaskUITests */,
			);
		};
/* End PBXProject section */

/* Begin PBXResourcesBuildPhase section */
		E984D1C62C8DE81000825C61 /* Resources */ = {
			isa = PBXResourcesBuildPhase;
			buildActionMask = 2147483647;
			files = (
				E984D1D52C8DE81100825C61 /* Assets.xcassets in Resources */,
				E984D1D82C8DE81100825C61 /* Base in Resources */,
				E984D1D32C8DE81000825C61 /* Base in Resources */,
			);
			runOnlyForDeploymentPostprocessing = 0;
		};
		E984D1DC2C8DE81100825C61 /* Resources */ = {
			isa = PBXResourcesBuildPhase;
			buildActionMask = 2147483647;
			files = (
			);
			runOnlyForDeploymentPostprocessing = 0;
		};
		E984D1E62C8DE81100825C61 /* Resources */ = {
			isa = PBXResourcesBuildPhase;
			buildActionMask = 2147483647;
			files = (
			);
			runOnlyForDeploymentPostprocessing = 0;
		};
/* End PBXResourcesBuildPhase section */

/* Begin PBXSourcesBuildPhase section */
		E984D1C42C8DE81000825C61 /* Sources */ = {
			isa = PBXSourcesBuildPhase;
			buildActionMask = 2147483647;
			files = (
				E984D1D02C8DE81000825C61 /* ViewController.swift in Sources */,
				E984D1CC2C8DE81000825C61 /* AppDelegate.swift in Sources */,
				E984D1CE2C8DE81000825C61 /* SceneDelegate.swift in Sources */,
			);
			runOnlyForDeploymentPostprocessing = 0;
		};
		E984D1DA2C8DE81100825C61 /* Sources */ = {
			isa = PBXSourcesBuildPhase;
			buildActionMask = 2147483647;
			files = (
				E984D1E32C8DE81100825C61 /* SirmaTaskTests.swift in Sources */,
			);
			runOnlyForDeploymentPostprocessing = 0;
		};
		E984D1E42C8DE81100825C61 /* Sources */ = {
			isa = PBXSourcesBuildPhase;
			buildActionMask = 2147483647;
			files = (
				E984D1EF2C8DE81100825C61 /* SirmaTaskUITestsLaunchTests.swift in Sources */,
				E984D1ED2C8DE81100825C61 /* SirmaTaskUITests.swift in Sources */,
			);
			runOnlyForDeploymentPostprocessing = 0;
		};
/* End PBXSourcesBuildPhase section */

/* Begin PBXTargetDependency section */
		E984D1E02C8DE81100825C61 /* PBXTargetDependency */ = {
			isa = PBXTargetDependency;
			target = E984D1C72C8DE81000825C61 /* SirmaTask */;
			targetProxy = E984D1DF2C8DE81100825C61 /* PBXContainerItemProxy */;
		};
		E984D1EA2C8DE81100825C61 /* PBXTargetDependency */ = {
			isa = PBXTargetDependency;
			target = E984D1C72C8DE81000825C61 /* SirmaTask */;
			targetProxy = E984D1E92C8DE81100825C61 /* PBXContainerItemProxy */;
		};
/* End PBXTargetDependency section */

/* Begin PBXVariantGroup section */
		E984D1D12C8DE81000825C61 /* Main.storyboard */ = {
			isa = PBXVariantGroup;
			children = (
				E984D1D22C8DE81000825C61 /* Base */,
			);
			name = Main.storyboard;
			sourceTree = "<group>";
		};
		E984D1D62C8DE81100825C61 /* LaunchScreen.storyboard */ = {
			isa = PBXVariantGroup;
			children = (
				E984D1D72C8DE81100825C61 /* Base */,
			);
			name = LaunchScreen.storyboard;
			sourceTree = "<group>";
		};
/* End PBXVariantGroup section */

/* Begin XCBuildConfiguration section */
		E984D1F02C8DE81100825C61 /* Debug */ = {
			isa = XCBuildConfiguration;
			buildSettings = {
				ALWAYS_SEARCH_USER_PATHS = NO;
				ASSETCATALOG_COMPILER_GENERATE_SWIFT_ASSET_SYMBOL_EXTENSIONS = YES;
				CLANG_ANALYZER_NONNULL = YES;
				CLANG_ANALYZER_NUMBER_OBJECT_CONVERSION = YES_AGGRESSIVE;
				CLANG_CXX_LANGUAGE_STANDARD = "gnu++20";
				CLANG_ENABLE_MODULES = YES;
				CLANG_ENABLE_OBJC_ARC = YES;
				CLANG_ENABLE_OBJC_WEAK = YES;
				CLANG_WARN_BLOCK_CAPTURE_AUTORELEASING = YES;
				CLANG_WARN_BOOL_CONVERSION = YES;
				CLANG_WARN_COMMA = YES;
				CLANG_WARN_CONSTANT_CONVERSION = YES;
				CLANG_WARN_DEPRECATED_OBJC_IMPLEMENTATIONS = YES;
				CLANG_WARN_DIRECT_OBJC_ISA_USAGE = YES_ERROR;
				CLANG_WARN_DOCUMENTATION_COMMENTS = YES;
				CLANG_WARN_EMPTY_BODY = YES;
				CLANG_WARN_ENUM_CONVERSION = YES;
				CLANG_WARN_INFINITE_RECURSION = YES;
				CLANG_WARN_INT_CONVERSION = YES;
				CLANG_WARN_NON_LITERAL_NULL_CONVERSION = YES;
				CLANG_WARN_OBJC_IMPLICIT_RETAIN_SELF = YES;
				CLANG_WARN_OBJC_LITERAL_CONVERSION = YES;
				CLANG_WARN_OBJC_ROOT_CLASS = YES_ERROR;
				CLANG_WARN_QUOTED_INCLUDE_IN_FRAMEWORK_HEADER = YES;
				CLANG_WARN_RANGE_LOOP_ANALYSIS = YES;
				CLANG_WARN_STRICT_PROTOTYPES = YES;
				CLANG_WARN_SUSPICIOUS_MOVE = YES;
				CLANG_WARN_UNGUARDED_AVAILABILITY = YES_AGGRESSIVE;
				CLANG_WARN_UNREACHABLE_CODE = YES;
				CLANG_WARN__DUPLICATE_METHOD_MATCH = YES;
				COPY_PHASE_STRIP = NO;
				DEBUG_INFORMATION_FORMAT = dwarf;
				ENABLE_STRICT_OBJC_MSGSEND = YES;
				ENABLE_TESTABILITY = YES;
				ENABLE_USER_SCRIPT_SANDBOXING = YES;
				GCC_C_LANGUAGE_STANDARD = gnu17;
				GCC_DYNAMIC_NO_PIC = NO;
				GCC_NO_COMMON_BLOCKS = YES;
				GCC_OPTIMIZATION_LEVEL = 0;
				GCC_PREPROCESSOR_DEFINITIONS = (
					"DEBUG=1",
					"$(inherited)",
				);
				GCC_WARN_64_TO_32_BIT_CONVERSION = YES;
				GCC_WARN_ABOUT_RETURN_TYPE = YES_ERROR;
				GCC_WARN_UNDECLARED_SELECTOR = YES;
				GCC_WARN_UNINITIALIZED_AUTOS = YES_AGGRESSIVE;
				GCC_WARN_UNUSED_FUNCTION = YES;
				GCC_WARN_UNUSED_VARIABLE = YES;
				IPHONEOS_DEPLOYMENT_TARGET = 17.5;
				LOCALIZATION_PREFERS_STRING_CATALOGS = YES;
				MTL_ENABLE_DEBUG_INFO = INCLUDE_SOURCE;
				MTL_FAST_MATH = YES;
				ONLY_ACTIVE_ARCH = YES;
				SDKROOT = iphoneos;
				SWIFT_ACTIVE_COMPILATION_CONDITIONS = "DEBUG $(inherited)";
				SWIFT_OPTIMIZATION_LEVEL = "-Onone";
			};
			name = Debug;
		};
		E984D1F12C8DE81100825C61 /* Release */ = {
			isa = XCBuildConfiguration;
			buildSettings = {
				ALWAYS_SEARCH_USER_PATHS = NO;
				ASSETCATALOG_COMPILER_GENERATE_SWIFT_ASSET_SYMBOL_EXTENSIONS = YES;
				CLANG_ANALYZER_NONNULL = YES;
				CLANG_ANALYZER_NUMBER_OBJECT_CONVERSION = YES_AGGRESSIVE;
				CLANG_CXX_LANGUAGE_STANDARD = "gnu++20";
				CLANG_ENABLE_MODULES = YES;
				CLANG_ENABLE_OBJC_ARC = YES;
				CLANG_ENABLE_OBJC_WEAK = YES;
				CLANG_WARN_BLOCK_CAPTURE_AUTORELEASING = YES;
				CLANG_WARN_BOOL_CONVERSION = YES;
				CLANG_WARN_COMMA = YES;
				CLANG_WARN_CONSTANT_CONVERSION = YES;
				CLANG_WARN_DEPRECATED_OBJC_IMPLEMENTATIONS = YES;
				CLANG_WARN_DIRECT_OBJC_ISA_USAGE = YES_ERROR;
				CLANG_WARN_DOCUMENTATION_COMMENTS = YES;
				CLANG_WARN_EMPTY_BODY = YES;
				CLANG_WARN_ENUM_CONVERSION = YES;
				CLANG_WARN_INFINITE_RECURSION = YES;
				CLANG_WARN_INT_CONVERSION = YES;
				CLANG_WARN_NON_LITERAL_NULL_CONVERSION = YES;
				CLANG_WARN_OBJC_IMPLICIT_RETAIN_SELF = YES;
				CLANG_WARN_OBJC_LITERAL_CONVERSION = YES;
				CLANG_WARN_OBJC_ROOT_CLASS = YES_ERROR;
				CLANG_WARN_QUOTED_INCLUDE_IN_FRAMEWORK_HEADER = YES;
				CLANG_WARN_RANGE_LOOP_ANALYSIS = YES;
				CLANG_WARN_STRICT_PROTOTYPES = YES;
				CLANG_WARN_SUSPICIOUS_MOVE = YES;
				CLANG_WARN_UNGUARDED_AVAILABILITY = YES_AGGRESSIVE;
				CLANG_WARN_UNREACHABLE_CODE = YES;
				CLANG_WARN__DUPLICATE_METHOD_MATCH = YES;
				COPY_PHASE_STRIP = NO;
				DEBUG_INFORMATION_FORMAT = "dwarf-with-dsym";
				ENABLE_NS_ASSERTIONS = NO;
				ENABLE_STRICT_OBJC_MSGSEND = YES;
				ENABLE_USER_SCRIPT_SANDBOXING = YES;
				GCC_C_LANGUAGE_STANDARD = gnu17;
				GCC_NO_COMMON_BLOCKS = YES;
				GCC_WARN_64_TO_32_BIT_CONVERSION = YES;
				GCC_WARN_ABOUT_RETURN_TYPE = YES_ERROR;
				GCC_WARN_UNDECLARED_SELECTOR = YES;
				GCC_WARN_UNINITIALIZED_AUTOS = YES_AGGRESSIVE;
				GCC_WARN_UNUSED_FUNCTION = YES;
				GCC_WARN_UNUSED_VARIABLE = YES;
				IPHONEOS_DEPLOYMENT_TARGET = 17.5;
				LOCALIZATION_PREFERS_STRING_CATALOGS = YES;
				MTL_ENABLE_DEBUG_INFO = NO;
				MTL_FAST_MATH = YES;
				SDKROOT = iphoneos;
				SWIFT_COMPILATION_MODE = wholemodule;
				VALIDATE_PRODUCT = YES;
			};
			name = Release;
		};
		E984D1F32C8DE81100825C61 /* Debug */ = {
			isa = XCBuildConfiguration;
			buildSettings = {
				ASSETCATALOG_COMPILER_APPICON_NAME = AppIcon;
				ASSETCATALOG_COMPILER_GLOBAL_ACCENT_COLOR_NAME = AccentColor;
				CODE_SIGN_STYLE = Automatic;
				CURRENT_PROJECT_VERSION = 1;
				DEVELOPMENT_TEAM = 2FXLM8R9TX;
				GENERATE_INFOPLIST_FILE = YES;
				INFOPLIST_FILE = SirmaTask/Info.plist;
				INFOPLIST_KEY_UIApplicationSupportsIndirectInputEvents = YES;
				INFOPLIST_KEY_UILaunchStoryboardName = LaunchScreen;
				INFOPLIST_KEY_UIMainStoryboardFile = Main;
				INFOPLIST_KEY_UISupportedInterfaceOrientations_iPad = "UIInterfaceOrientationPortrait UIInterfaceOrientationPortraitUpsideDown UIInterfaceOrientationLandscapeLeft UIInterfaceOrientationLandscapeRight";
				INFOPLIST_KEY_UISupportedInterfaceOrientations_iPhone = "UIInterfaceOrientationPortrait UIInterfaceOrientationLandscapeLeft UIInterfaceOrientationLandscapeRight";
				LD_RUNPATH_SEARCH_PATHS = (
					"$(inherited)",
					"@executable_path/Frameworks",
				);
				MARKETING_VERSION = 1.0;
				PRODUCT_BUNDLE_IDENTIFIER = com.VSmilenov.SirmaTask;
				PRODUCT_NAME = "$(TARGET_NAME)";
				SWIFT_EMIT_LOC_STRINGS = YES;
				SWIFT_VERSION = 5.0;
				TARGETED_DEVICE_FAMILY = "1,2";
			};
			name = Debug;
		};
		E984D1F42C8DE81100825C61 /* Release */ = {
			isa = XCBuildConfiguration;
			buildSettings = {
				ASSETCATALOG_COMPILER_APPICON_NAME = AppIcon;
				ASSETCATALOG_COMPILER_GLOBAL_ACCENT_COLOR_NAME = AccentColor;
				CODE_SIGN_STYLE = Automatic;
				CURRENT_PROJECT_VERSION = 1;
				DEVELOPMENT_TEAM = 2FXLM8R9TX;
				GENERATE_INFOPLIST_FILE = YES;
				INFOPLIST_FILE = SirmaTask/Info.plist;
				INFOPLIST_KEY_UIApplicationSupportsIndirectInputEvents = YES;
				INFOPLIST_KEY_UILaunchStoryboardName = LaunchScreen;
				INFOPLIST_KEY_UIMainStoryboardFile = Main;
				INFOPLIST_KEY_UISupportedInterfaceOrientations_iPad = "UIInterfaceOrientationPortrait UIInterfaceOrientationPortraitUpsideDown UIInterfaceOrientationLandscapeLeft UIInterfaceOrientationLandscapeRight";
				INFOPLIST_KEY_UISupportedInterfaceOrientations_iPhone = "UIInterfaceOrientationPortrait UIInterfaceOrientationLandscapeLeft UIInterfaceOrientationLandscapeRight";
				LD_RUNPATH_SEARCH_PATHS = (
					"$(inherited)",
					"@executable_path/Frameworks",
				);
				MARKETING_VERSION = 1.0;
				PRODUCT_BUNDLE_IDENTIFIER = com.VSmilenov.SirmaTask;
				PRODUCT_NAME = "$(TARGET_NAME)";
				SWIFT_EMIT_LOC_STRINGS = YES;
				SWIFT_VERSION = 5.0;
				TARGETED_DEVICE_FAMILY = "1,2";
			};
			name = Release;
		};
		E984D1F62C8DE81100825C61 /* Debug */ = {
			isa = XCBuildConfiguration;
			buildSettings = {
				ALWAYS_EMBED_SWIFT_STANDARD_LIBRARIES = YES;
				BUNDLE_LOADER = "$(TEST_HOST)";
				CODE_SIGN_STYLE = Automatic;
				CURRENT_PROJECT_VERSION = 1;
				DEVELOPMENT_TEAM = 2FXLM8R9TX;
				GENERATE_INFOPLIST_FILE = YES;
				IPHONEOS_DEPLOYMENT_TARGET = 17.5;
				MARKETING_VERSION = 1.0;
				PRODUCT_BUNDLE_IDENTIFIER = com.VSmilenov.SirmaTaskTests;
				PRODUCT_NAME = "$(TARGET_NAME)";
				SWIFT_EMIT_LOC_STRINGS = NO;
				SWIFT_VERSION = 5.0;
				TARGETED_DEVICE_FAMILY = "1,2";
				TEST_HOST = "$(BUILT_PRODUCTS_DIR)/SirmaTask.app/$(BUNDLE_EXECUTABLE_FOLDER_PATH)/SirmaTask";
			};
			name = Debug;
		};
		E984D1F72C8DE81100825C61 /* Release */ = {
			isa = XCBuildConfiguration;
			buildSettings = {
				ALWAYS_EMBED_SWIFT_STANDARD_LIBRARIES = YES;
				BUNDLE_LOADER = "$(TEST_HOST)";
				CODE_SIGN_STYLE = Automatic;
				CURRENT_PROJECT_VERSION = 1;
				DEVELOPMENT_TEAM = 2FXLM8R9TX;
				GENERATE_INFOPLIST_FILE = YES;
				IPHONEOS_DEPLOYMENT_TARGET = 17.5;
				MARKETING_VERSION = 1.0;
				PRODUCT_BUNDLE_IDENTIFIER = com.VSmilenov.SirmaTaskTests;
				PRODUCT_NAME = "$(TARGET_NAME)";
				SWIFT_EMIT_LOC_STRINGS = NO;
				SWIFT_VERSION = 5.0;
				TARGETED_DEVICE_FAMILY = "1,2";
				TEST_HOST = "$(BUILT_PRODUCTS_DIR)/SirmaTask.app/$(BUNDLE_EXECUTABLE_FOLDER_PATH)/SirmaTask";
			};
			name = Release;
		};
		E984D1F92C8DE81100825C61 /* Debug */ = {
			isa = XCBuildConfiguration;
			buildSettings = {
				ALWAYS_EMBED_SWIFT_STANDARD_LIBRARIES = YES;
				CODE_SIGN_STYLE = Automatic;
				CURRENT_PROJECT_VERSION = 1;
				DEVELOPMENT_TEAM = 2FXLM8R9TX;
				GENERATE_INFOPLIST_FILE = YES;
				MARKETING_VERSION = 1.0;
				PRODUCT_BUNDLE_IDENTIFIER = com.VSmilenov.SirmaTaskUITests;
				PRODUCT_NAME = "$(TARGET_NAME)";
				SWIFT_EMIT_LOC_STRINGS = NO;
				SWIFT_VERSION = 5.0;
				TARGETED_DEVICE_FAMILY = "1,2";
				TEST_TARGET_NAME = SirmaTask;
			};
			name = Debug;
		};
		E984D1FA2C8DE81100825C61 /* Release */ = {
			isa = XCBuildConfiguration;
			buildSettings = {
				ALWAYS_EMBED_SWIFT_STANDARD_LIBRARIES = YES;
				CODE_SIGN_STYLE = Automatic;
				CURRENT_PROJECT_VERSION = 1;
				DEVELOPMENT_TEAM = 2FXLM8R9TX;
				GENERATE_INFOPLIST_FILE = YES;
				MARKETING_VERSION = 1.0;
				PRODUCT_BUNDLE_IDENTIFIER = com.VSmilenov.SirmaTaskUITests;
				PRODUCT_NAME = "$(TARGET_NAME)";
				SWIFT_EMIT_LOC_STRINGS = NO;
				SWIFT_VERSION = 5.0;
				TARGETED_DEVICE_FAMILY = "1,2";
				TEST_TARGET_NAME = SirmaTask;
			};
			name = Release;
		};
/* End XCBuildConfiguration section */

/* Begin XCConfigurationList section */
		E984D1C32C8DE81000825C61 /* Build configuration list for PBXProject "SirmaTask" */ = {
			isa = XCConfigurationList;
			buildConfigurations = (
				E984D1F02C8DE81100825C61 /* Debug */,
				E984D1F12C8DE81100825C61 /* Release */,
			);
			defaultConfigurationIsVisible = 0;
			defaultConfigurationName = Release;
		};
		E984D1F22C8DE81100825C61 /* Build configuration list for PBXNativeTarget "SirmaTask" */ = {
			isa = XCConfigurationList;
			buildConfigurations = (
				E984D1F32C8DE81100825C61 /* Debug */,
				E984D1F42C8DE81100825C61 /* Release */,
			);
			defaultConfigurationIsVisible = 0;
			defaultConfigurationName = Release;
		};
		E984D1F52C8DE81100825C61 /* Build configuration list for PBXNativeTarget "SirmaTaskTests" */ = {
			isa = XCConfigurationList;
			buildConfigurations = (
				E984D1F62C8DE81100825C61 /* Debug */,
				E984D1F72C8DE81100825C61 /* Release */,
			);
			defaultConfigurationIsVisible = 0;
			defaultConfigurationName = Release;
		};
		E984D1F82C8DE81100825C61 /* Build configuration list for PBXNativeTarget "SirmaTaskUITests" */ = {
			isa = XCConfigurationList;
			buildConfigurations = (
				E984D1F92C8DE81100825C61 /* Debug */,
				E984D1FA2C8DE81100825C61 /* Release */,
			);
			defaultConfigurationIsVisible = 0;
			defaultConfigurationName = Release;
		};
/* End XCConfigurationList section */
	};
	rootObject = E984D1C02C8DE81000825C61 /* Project object */;
}
